Microsoft Visual Studio Solution File, Format Version 11.00
# Visual Studio 2008

Project("{BC40C228-2DBA-2F87-BD4B-84ED5946BCB4}") = "Puzzler's Dungeon", "Assembly-CSharp-firstpass.csproj", "{2E7507ED-F97A-87BE-4FA5-A3083FF2BDFE}"
EndProject
Project("{BC40C228-2DBA-2F87-BD4B-84ED5946BCB4}") = "Puzzler's Dungeon", "Assembly-CSharp.csproj", "{01FE5B56-F142-1C70-FA54-B591C59F583A}"
EndProject
Project("{BC40C228-2DBA-2F87-BD4B-84ED5946BCB4}") = "Puzzler's Dungeon", "Assembly-CSharp-Editor.csproj", "{47B173FA-FAAA-0B88-DFC6-903DC13512CE}"
EndProject
Global
	GlobalSection(SolutionConfigurationPlatforms) = preSolution
		Debug|Any CPU = Debug|Any CPU
		Release|Any CPU = Release|Any CPU
	EndGlobalSection
	GlobalSection(ProjectConfigurationPlatforms) = postSolution
		{2E7507ED-F97A-87BE-4FA5-A3083FF2BDFE}.Debug|Any CPU.ActiveCfg = Debug|Any CPU
		{2E7507ED-F97A-87BE-4FA5-A3083FF2BDFE}.Debug|Any CPU.Build.0 = Debug|Any CPU
		{2E7507ED-F97A-87BE-4FA5-A3083FF2BDFE}.Release|Any CPU.ActiveCfg = Release|Any CPU
		{2E7507ED-F97A-87BE-4FA5-A3083FF2BDFE}.Release|Any CPU.Build.0 = Release|Any CPU
		{01FE5B56-F142-1C70-FA54-B591C59F583A}.Debug|Any CPU.ActiveCfg = Debug|Any CPU
		{01FE5B56-F142-1C70-FA54-B591C59F583A}.Debug|Any CPU.Build.0 = Debug|Any CPU
		{01FE5B56-F142-1C70-FA54-B591C59F583A}.Release|Any CPU.ActiveCfg = Release|Any CPU
		{01FE5B56-F142-1C70-FA54-B591C59F583A}.Release|Any CPU.Build.0 = Release|Any CPU
		{47B173FA-FAAA-0B88-DFC6-903DC13512CE}.Debug|Any CPU.ActiveCfg = Debug|Any CPU
		{47B173FA-FAAA-0B88-DFC6-903DC13512CE}.Debug|Any CPU.Build.0 = Debug|Any CPU
		{47B173FA-FAAA-0B88-DFC6-903DC13512CE}.Release|Any CPU.ActiveCfg = Release|Any CPU
		{47B173FA-FAAA-0B88-DFC6-903DC13512CE}.Release|Any CPU.Build.0 = Release|Any CPU
	EndGlobalSection
	GlobalSection(SolutionProperties) = preSolution
		HideSolutionNode = FALSE
	EndGlobalSection
	GlobalSection(MonoDevelopProperties) = preSolution
		StartupItem = Assembly-CSharp.csproj
	EndGlobalSection
EndGlobal
